
Microsoft Visual Studio Solution File, Format Version 12.00
Project("{FAE04EC0-301F-11D3-BF4B-00C04F79EFBC}") = "SimUDuck", "SimUDuck\SimUDuck.csproj", "{73A7B6F4-5AAA-459D-A144-010681ED8CCC}"
EndProject
Global
	GlobalSection(SolutionConfigurationPlatforms) = preSolution
		Debug|Any CPU = Debug|Any CPU
		Release|Any CPU = Release|Any CPU
	EndGlobalSection
	GlobalSection(ProjectConfigurationPlatforms) = postSolution
		{73A7B6F4-5AAA-459D-A144-010681ED8CCC}.Debug|Any CPU.ActiveCfg = Debug|Any CPU
		{73A7B6F4-5AAA-459D-A144-010681ED8CCC}.Debug|Any CPU.Build.0 = Debug|Any CPU
		{73A7B6F4-5AAA-459D-A144-010681ED8CCC}.Release|Any CPU.ActiveCfg = Release|Any CPU
		{73A7B6F4-5AAA-459D-A144-010681ED8CCC}.Release|Any CPU.Build.0 = Release|Any CPU
	EndGlobalSection
EndGlobal
